
Microsoft Visual Studio Solution File, Format Version 12.00
# Visual Studio Version 16
VisualStudioVersion = 16.0.31205.134
MinimumVisualStudioVersion = 10.0.40219.1
Project("{FAE04EC0-301F-11D3-BF4B-00C04F79EFBC}") = "SeriesMoviesProjectver3", "SeriesMoviesProjectver3\SeriesMoviesProjectver3.csproj", "{78C3FC70-86CE-4112-B77D-70C5809C421E}"
EndProject
Global
	GlobalSection(SolutionConfigurationPlatforms) = preSolution
		Debug|Any CPU = Debug|Any CPU
		Release|Any CPU = Release|Any CPU
	EndGlobalSection
	GlobalSection(ProjectConfigurationPlatforms) = postSolution
		{78C3FC70-86CE-4112-B77D-70C5809C421E}.Debug|Any CPU.ActiveCfg = Debug|Any CPU
		{78C3FC70-86CE-4112-B77D-70C5809C421E}.Debug|Any CPU.Build.0 = Debug|Any CPU
		{78C3FC70-86CE-4112-B77D-70C5809C421E}.Release|Any CPU.ActiveCfg = Release|Any CPU
		{78C3FC70-86CE-4112-B77D-70C5809C421E}.Release|Any CPU.Build.0 = Release|Any CPU
	EndGlobalSection
	GlobalSection(SolutionProperties) = preSolution
		HideSolutionNode = FALSE
	EndGlobalSection
	GlobalSection(ExtensibilityGlobals) = postSolution
		SolutionGuid = {0E357F2F-7D2D-4B61-80DB-D8E75BA45766}
	EndGlobalSection
EndGlobal
